
Microsoft Visual Studio Solution File, Format Version 12.00
# Visual Studio Version 17
VisualStudioVersion = 17.8.34309.116
MinimumVisualStudioVersion = 10.0.40219.1
Project("{9A19103F-16F7-4668-BE54-9A1E7A4F7556}") = "Domain", "Domain\Domain.csproj", "{DE942ED1-3DE3-49D8-9065-2E277ACC1DD4}"
EndProject
Project("{9A19103F-16F7-4668-BE54-9A1E7A4F7556}") = "Api", "Api\Api.csproj", "{8BF8B418-267D-412D-BD91-FDE6931B8E63}"
EndProject
Project("{9A19103F-16F7-4668-BE54-9A1E7A4F7556}") = "Application", "Application\Application.csproj", "{7E7C1B92-BD1C-4BCF-B98E-2740D4911487}"
EndProject
Project("{9A19103F-16F7-4668-BE54-9A1E7A4F7556}") = "Infrastructure", "Infrastructure\Infrastructure.csproj", "{221637D9-F3F7-41C7-B840-1CF9D92F3374}"
EndProject
Project("{9A19103F-16F7-4668-BE54-9A1E7A4F7556}") = "DataAccess", "DataAccess\DataAccess.csproj", "{4DEA227F-11FB-4387-9799-BA50A51EFAC2}"
EndProject
Project("{9A19103F-16F7-4668-BE54-9A1E7A4F7556}") = "Tests", "Tests\Tests.csproj", "{3D7ADBDF-CCE5-4F30-824A-9229AC1DF81C}"
EndProject
Project("{9A19103F-16F7-4668-BE54-9A1E7A4F7556}") = "Constants", "Constants\Constants.csproj", "{DF99C61C-0ECE-44AE-BAE9-22895773BB15}"
EndProject
Project("{9A19103F-16F7-4668-BE54-9A1E7A4F7556}") = "ConsoleApp", "ConsoleApp\ConsoleApp.csproj", "{AA5B752F-FD79-4795-A75D-1BC27E872972}"
EndProject
Project("{9A19103F-16F7-4668-BE54-9A1E7A4F7556}") = "WpfApp", "WpfApp\WpfApp.csproj", "{EA353CA8-35CB-4BDE-9095-043AD592889F}"
EndProject
Project("{00D1A9C2-B5F0-4AF3-8072-F6C62B433612}") = "Database", "Database\Database.sqlproj", "{27D981BE-C649-498E-90CD-BED32586107F}"
EndProject
Project("{9A19103F-16F7-4668-BE54-9A1E7A4F7556}") = "SharedRazor", "SharedRazor\SharedRazor.csproj", "{4C470891-6FC1-47DA-9A4B-29A0A4F30694}"
EndProject
Project("{9A19103F-16F7-4668-BE54-9A1E7A4F7556}") = "NCUMaui", "NCUMaui\NCUMaui.csproj", "{DD9E8920-053F-4EBF-A00C-57ECC5BF1B9E}"
EndProject
Project("{9A19103F-16F7-4668-BE54-9A1E7A4F7556}") = "NCUWebApp", "NCUWebApp\NCUWebApp\NCUWebApp.csproj", "{DF810844-D866-4F18-A0BD-CF4E4DBAFCCC}"
EndProject
Project("{9A19103F-16F7-4668-BE54-9A1E7A4F7556}") = "NCUWebApp.Client", "NCUWebApp\NCUWebApp.Client\NCUWebApp.Client.csproj", "{708E5485-CC29-43FE-8F8F-E24CC355F64E}"
EndProject
Project("{FAE04EC0-301F-11D3-BF4B-00C04F79EFBC}") = "Patterns", "Patterns\Patterns.csproj", "{077C7192-7C20-4C49-B276-0B3DA6B0B562}"
EndProject
Global
	GlobalSection(SolutionConfigurationPlatforms) = preSolution
		Debug|Any CPU = Debug|Any CPU
		Release|Any CPU = Release|Any CPU
	EndGlobalSection
	GlobalSection(ProjectConfigurationPlatforms) = postSolution
		{DE942ED1-3DE3-49D8-9065-2E277ACC1DD4}.Debug|Any CPU.ActiveCfg = Debug|Any CPU
		{DE942ED1-3DE3-49D8-9065-2E277ACC1DD4}.Debug|Any CPU.Build.0 = Debug|Any CPU
		{DE942ED1-3DE3-49D8-9065-2E277ACC1DD4}.Release|Any CPU.ActiveCfg = Release|Any CPU
		{DE942ED1-3DE3-49D8-9065-2E277ACC1DD4}.Release|Any CPU.Build.0 = Release|Any CPU
		{8BF8B418-267D-412D-BD91-FDE6931B8E63}.Debug|Any CPU.ActiveCfg = Debug|Any CPU
		{8BF8B418-267D-412D-BD91-FDE6931B8E63}.Debug|Any CPU.Build.0 = Debug|Any CPU
		{8BF8B418-267D-412D-BD91-FDE6931B8E63}.Release|Any CPU.ActiveCfg = Release|Any CPU
		{8BF8B418-267D-412D-BD91-FDE6931B8E63}.Release|Any CPU.Build.0 = Release|Any CPU
		{7E7C1B92-BD1C-4BCF-B98E-2740D4911487}.Debug|Any CPU.ActiveCfg = Debug|Any CPU
		{7E7C1B92-BD1C-4BCF-B98E-2740D4911487}.Debug|Any CPU.Build.0 = Debug|Any CPU
		{7E7C1B92-BD1C-4BCF-B98E-2740D4911487}.Release|Any CPU.ActiveCfg = Release|Any CPU
		{7E7C1B92-BD1C-4BCF-B98E-2740D4911487}.Release|Any CPU.Build.0 = Release|Any CPU
		{221637D9-F3F7-41C7-B840-1CF9D92F3374}.Debug|Any CPU.ActiveCfg = Debug|Any CPU
		{221637D9-F3F7-41C7-B840-1CF9D92F3374}.Debug|Any CPU.Build.0 = Debug|Any CPU
		{221637D9-F3F7-41C7-B840-1CF9D92F3374}.Release|Any CPU.ActiveCfg = Release|Any CPU
		{221637D9-F3F7-41C7-B840-1CF9D92F3374}.Release|Any CPU.Build.0 = Release|Any CPU
		{4DEA227F-11FB-4387-9799-BA50A51EFAC2}.Debug|Any CPU.ActiveCfg = Debug|Any CPU
		{4DEA227F-11FB-4387-9799-BA50A51EFAC2}.Debug|Any CPU.Build.0 = Debug|Any CPU
		{4DEA227F-11FB-4387-9799-BA50A51EFAC2}.Release|Any CPU.ActiveCfg = Release|Any CPU
		{4DEA227F-11FB-4387-9799-BA50A51EFAC2}.Release|Any CPU.Build.0 = Release|Any CPU
		{3D7ADBDF-CCE5-4F30-824A-9229AC1DF81C}.Debug|Any CPU.ActiveCfg = Debug|Any CPU
		{3D7ADBDF-CCE5-4F30-824A-9229AC1DF81C}.Debug|Any CPU.Build.0 = Debug|Any CPU
		{3D7ADBDF-CCE5-4F30-824A-9229AC1DF81C}.Release|Any CPU.ActiveCfg = Release|Any CPU
		{3D7ADBDF-CCE5-4F30-824A-9229AC1DF81C}.Release|Any CPU.Build.0 = Release|Any CPU
		{DF99C61C-0ECE-44AE-BAE9-22895773BB15}.Debug|Any CPU.ActiveCfg = Debug|Any CPU
		{DF99C61C-0ECE-44AE-BAE9-22895773BB15}.Debug|Any CPU.Build.0 = Debug|Any CPU
		{DF99C61C-0ECE-44AE-BAE9-22895773BB15}.Release|Any CPU.ActiveCfg = Release|Any CPU
		{DF99C61C-0ECE-44AE-BAE9-22895773BB15}.Release|Any CPU.Build.0 = Release|Any CPU
		{AA5B752F-FD79-4795-A75D-1BC27E872972}.Debug|Any CPU.ActiveCfg = Debug|Any CPU
		{AA5B752F-FD79-4795-A75D-1BC27E872972}.Debug|Any CPU.Build.0 = Debug|Any CPU
		{AA5B752F-FD79-4795-A75D-1BC27E872972}.Release|Any CPU.ActiveCfg = Release|Any CPU
		{AA5B752F-FD79-4795-A75D-1BC27E872972}.Release|Any CPU.Build.0 = Release|Any CPU
		{EA353CA8-35CB-4BDE-9095-043AD592889F}.Debug|Any CPU.ActiveCfg = Debug|Any CPU
		{EA353CA8-35CB-4BDE-9095-043AD592889F}.Debug|Any CPU.Build.0 = Debug|Any CPU
		{EA353CA8-35CB-4BDE-9095-043AD592889F}.Release|Any CPU.ActiveCfg = Release|Any CPU
		{EA353CA8-35CB-4BDE-9095-043AD592889F}.Release|Any CPU.Build.0 = Release|Any CPU
		{27D981BE-C649-498E-90CD-BED32586107F}.Debug|Any CPU.ActiveCfg = Debug|Any CPU
		{27D981BE-C649-498E-90CD-BED32586107F}.Debug|Any CPU.Build.0 = Debug|Any CPU
		{27D981BE-C649-498E-90CD-BED32586107F}.Debug|Any CPU.Deploy.0 = Debug|Any CPU
		{27D981BE-C649-498E-90CD-BED32586107F}.Release|Any CPU.ActiveCfg = Release|Any CPU
		{27D981BE-C649-498E-90CD-BED32586107F}.Release|Any CPU.Build.0 = Release|Any CPU
		{27D981BE-C649-498E-90CD-BED32586107F}.Release|Any CPU.Deploy.0 = Release|Any CPU
		{4C470891-6FC1-47DA-9A4B-29A0A4F30694}.Debug|Any CPU.ActiveCfg = Debug|Any CPU
		{4C470891-6FC1-47DA-9A4B-29A0A4F30694}.Debug|Any CPU.Build.0 = Debug|Any CPU
		{4C470891-6FC1-47DA-9A4B-29A0A4F30694}.Release|Any CPU.ActiveCfg = Release|Any CPU
		{4C470891-6FC1-47DA-9A4B-29A0A4F30694}.Release|Any CPU.Build.0 = Release|Any CPU
		{DD9E8920-053F-4EBF-A00C-57ECC5BF1B9E}.Debug|Any CPU.ActiveCfg = Debug|Any CPU
		{DD9E8920-053F-4EBF-A00C-57ECC5BF1B9E}.Debug|Any CPU.Build.0 = Debug|Any CPU
		{DD9E8920-053F-4EBF-A00C-57ECC5BF1B9E}.Debug|Any CPU.Deploy.0 = Debug|Any CPU
		{DD9E8920-053F-4EBF-A00C-57ECC5BF1B9E}.Release|Any CPU.ActiveCfg = Release|Any CPU
		{DD9E8920-053F-4EBF-A00C-57ECC5BF1B9E}.Release|Any CPU.Build.0 = Release|Any CPU
		{DD9E8920-053F-4EBF-A00C-57ECC5BF1B9E}.Release|Any CPU.Deploy.0 = Release|Any CPU
		{DF810844-D866-4F18-A0BD-CF4E4DBAFCCC}.Debug|Any CPU.ActiveCfg = Debug|Any CPU
		{DF810844-D866-4F18-A0BD-CF4E4DBAFCCC}.Debug|Any CPU.Build.0 = Debug|Any CPU
		{DF810844-D866-4F18-A0BD-CF4E4DBAFCCC}.Release|Any CPU.ActiveCfg = Release|Any CPU
		{DF810844-D866-4F18-A0BD-CF4E4DBAFCCC}.Release|Any CPU.Build.0 = Release|Any CPU
		{708E5485-CC29-43FE-8F8F-E24CC355F64E}.Debug|Any CPU.ActiveCfg = Debug|Any CPU
		{708E5485-CC29-43FE-8F8F-E24CC355F64E}.Debug|Any CPU.Build.0 = Debug|Any CPU
		{708E5485-CC29-43FE-8F8F-E24CC355F64E}.Release|Any CPU.ActiveCfg = Release|Any CPU
		{708E5485-CC29-43FE-8F8F-E24CC355F64E}.Release|Any CPU.Build.0 = Release|Any CPU
		{077C7192-7C20-4C49-B276-0B3DA6B0B562}.Debug|Any CPU.ActiveCfg = Debug|Any CPU
		{077C7192-7C20-4C49-B276-0B3DA6B0B562}.Debug|Any CPU.Build.0 = Debug|Any CPU
		{077C7192-7C20-4C49-B276-0B3DA6B0B562}.Release|Any CPU.ActiveCfg = Release|Any CPU
		{077C7192-7C20-4C49-B276-0B3DA6B0B562}.Release|Any CPU.Build.0 = Release|Any CPU
	EndGlobalSection
	GlobalSection(SolutionProperties) = preSolution
		HideSolutionNode = FALSE
	EndGlobalSection
	GlobalSection(ExtensibilityGlobals) = postSolution
		SolutionGuid = {4A6823D8-A1D9-465E-9F5B-129D607AE326}
	EndGlobalSection
EndGlobal
